# THIS IS AN AUTOGENERATED FILE. DO NOT EDIT THIS FILE DIRECTLY.
# yarn lockfile v1


govuk-frontend@^4.1.0:
  version "4.1.0"
  resolved "https://registry.yarnpkg.com/govuk-frontend/-/govuk-frontend-4.1.0.tgz#d3bc3af09baba539adee31f980ac0322b9eeb949"
  integrity sha512-xBUUarxinGWSccmXPmwa7ovg3xabEQ0+Dcv7pdq9X3F69892OFMqP2g8jvlDUrVsDVdasXLk4Jq4w8dPiaEVqQ==
